<?xml version="1.0" encoding="utf-8"?>
<Project ToolsVersion="4.0" xmlns="http://schemas.microsoft.com/developer/msbuild/2003">
  <ItemGroup>
    <Filter Include="Pliki zasobów">
      <UniqueIdentifier>{67DA6AB6-F800-4c08-8B7A-83BB121AAD01}</UniqueIdentifier>
      <Extensions>rc;ico;cur;bmp;dlg;rc2;rct;bin;rgs;gif;jpg;jpeg;jpe;resx;tiff;tif;png;wav;mfcribbon-ms</Extensions>
    </Filter>
    <Filter Include="Headers">
      <UniqueIdentifier>{93995380-89BD-4b04-88EB-625FBE52EBFB}</UniqueIdentifier>
      <Extensions>h;hh;hpp;hxx;hm;inl;inc;xsd</Extensions>
    </Filter>
    <Filter Include="Sources">
      <UniqueIdentifier>{4FC737F1-C7A5-4376-A066-2A32D752A2FF}</UniqueIdentifier>
      <Extensions>cpp;c;cc;cxx;def;odl;idl;hpj;bat;asm;asmx</Extensions>
    </Filter>
    <Filter Include="Headers\ResourceEngine">
      <UniqueIdentifier>{24a425ad-6f85-43e3-b9c0-966152ba076b}</UniqueIdentifier>
    </Filter>
    <Filter Include="Sources\ResourceEngine">
      <UniqueIdentifier>{9ecd9f24-901b-4b8c-aeab-edfe08164b68}</UniqueIdentifier>
    </Filter>
    <Filter Include="Headers\ResourceEngine\Resources">
      <UniqueIdentifier>{a83848f8-39af-4d1e-9dae-bdd6f783f0bf}</UniqueIdentifier>
    </Filter>
    <Filter Include="Sources\ResourceEngine\Resources">
      <UniqueIdentifier>{68fb4dd9-ff1e-441b-a6b4-883d0ee4b6d0}</UniqueIdentifier>
    </Filter>
    <Filter Include="Headers\ResourceEngine\Resources\Manipulators">
      <UniqueIdentifier>{8d66e84b-4b60-44a7-8de2-e3ffd5df74f8}</UniqueIdentifier>
    </Filter>
  </ItemGroup>
  <ItemGroup>
    <Text Include="ReadMe.txt" />
  </ItemGroup>
  <ItemGroup>
    <ClInclude Include="stdafx.h">
      <Filter>Headers</Filter>
    </ClInclude>
    <ClInclude Include="targetver.h">
      <Filter>Headers</Filter>
    </ClInclude>
    <ClInclude Include="Engine.h">
      <Filter>Headers</Filter>
    </ClInclude>
    <ClInclude Include="ResourceEngine.h">
      <Filter>Headers\ResourceEngine</Filter>
    </ClInclude>
    <ClInclude Include="Resource.h">
      <Filter>Headers\ResourceEngine\Resources</Filter>
    </ClInclude>
    <ClInclude Include="AnimationResource.h">
      <Filter>Headers\ResourceEngine\Resources</Filter>
    </ClInclude>
    <ClInclude Include="AnimationResourceDef.h">
      <Filter>Headers\ResourceEngine\Resources</Filter>
    </ClInclude>
    <ClInclude Include="AnimationManipulator.h">
      <Filter>Headers\ResourceEngine\Resources\Manipulators</Filter>
    </ClInclude>
    <ClInclude Include="Manipulator.h">
      <Filter>Headers\ResourceEngine\Resources\Manipulators</Filter>
    </ClInclude>
  </ItemGroup>
  <ItemGroup>
    <ClCompile Include="stdafx.cpp">
      <Filter>Sources</Filter>
    </ClCompile>
    <ClCompile Include="yen.cpp">
      <Filter>Sources</Filter>
    </ClCompile>
    <ClCompile Include="Engine.cpp">
      <Filter>Sources</Filter>
    </ClCompile>
    <ClCompile Include="ResourceEngine.cpp">
      <Filter>Sources\ResourceEngine</Filter>
    </ClCompile>
    <ClCompile Include="AnimationResource.cpp">
      <Filter>Sources\ResourceEngine\Resources</Filter>
    </ClCompile>
  </ItemGroup>
</Project>