<?xml version="1.0" encoding="utf-8"?>
<Project ToolsVersion="4.0" xmlns="http://schemas.microsoft.com/developer/msbuild/2003">
  <ItemGroup>
    <Filter Include="Pliki zasobów">
      <UniqueIdentifier>{67DA6AB6-F800-4c08-8B7A-83BB121AAD01}</UniqueIdentifier>
      <Extensions>rc;ico;cur;bmp;dlg;rc2;rct;bin;rgs;gif;jpg;jpeg;jpe;resx;tiff;tif;png;wav;mfcribbon-ms</Extensions>
    </Filter>
    <Filter Include="Headers">
      <UniqueIdentifier>{93995380-89BD-4b04-88EB-625FBE52EBFB}</UniqueIdentifier>
      <Extensions>h;hh;hpp;hxx;hm;inl;inc;xsd</Extensions>
    </Filter>
    <Filter Include="Sources">
      <UniqueIdentifier>{4FC737F1-C7A5-4376-A066-2A32D752A2FF}</UniqueIdentifier>
      <Extensions>cpp;c;cc;cxx;def;odl;idl;hpj;bat;asm;asmx</Extensions>
    </Filter>
    <Filter Include="Headers\GraphicsEngine">
      <UniqueIdentifier>{7a5614a8-f0e0-4199-80aa-7a4944e8c6a9}</UniqueIdentifier>
    </Filter>
    <Filter Include="Headers\Manipulators">
      <UniqueIdentifier>{8d66e84b-4b60-44a7-8de2-e3ffd5df74f8}</UniqueIdentifier>
    </Filter>
    <Filter Include="Headers\SceneManager">
      <UniqueIdentifier>{0a4fab97-2d7d-4a78-b2a9-cf654981547f}</UniqueIdentifier>
    </Filter>
    <Filter Include="Headers\ObjectsManager">
      <UniqueIdentifier>{c015b90d-ecbe-4078-8104-e24672313d35}</UniqueIdentifier>
    </Filter>
    <Filter Include="Sources\ObjectsManager">
      <UniqueIdentifier>{0307fa60-b16f-4df4-b59b-7c0aabc566b6}</UniqueIdentifier>
    </Filter>
    <Filter Include="Headers\Components">
      <UniqueIdentifier>{7fc9e964-d7c0-4da5-856a-3272125be4e6}</UniqueIdentifier>
    </Filter>
    <Filter Include="Sources\Components">
      <UniqueIdentifier>{e10ea830-8c88-485f-9aab-3cf9a52cc7f0}</UniqueIdentifier>
    </Filter>
    <Filter Include="Sources\GraphicsEngine">
      <UniqueIdentifier>{a6c3a1c2-6d5f-4566-9224-e13b298003e2}</UniqueIdentifier>
    </Filter>
    <Filter Include="Sources\SceneManager">
      <UniqueIdentifier>{612fe09e-1145-4bd0-af97-4d2e4e1078f3}</UniqueIdentifier>
    </Filter>
    <Filter Include="Sources\ResourceManager">
      <UniqueIdentifier>{9ecd9f24-901b-4b8c-aeab-edfe08164b68}</UniqueIdentifier>
    </Filter>
    <Filter Include="Sources\ResourceManager\Resources">
      <UniqueIdentifier>{68fb4dd9-ff1e-441b-a6b4-883d0ee4b6d0}</UniqueIdentifier>
    </Filter>
    <Filter Include="Headers\ResourceManager">
      <UniqueIdentifier>{24a425ad-6f85-43e3-b9c0-966152ba076b}</UniqueIdentifier>
    </Filter>
    <Filter Include="Headers\ResourceManager\Resources">
      <UniqueIdentifier>{a83848f8-39af-4d1e-9dae-bdd6f783f0bf}</UniqueIdentifier>
    </Filter>
    <Filter Include="Headers\Others">
      <UniqueIdentifier>{7a820c90-599a-4703-abd2-57bbaf13b8aa}</UniqueIdentifier>
    </Filter>
    <Filter Include="Sources\Others">
      <UniqueIdentifier>{b6db74da-d637-42d8-a015-05ae7516a1e9}</UniqueIdentifier>
    </Filter>
    <Filter Include="Headers\InputManager">
      <UniqueIdentifier>{bcd461a4-38f0-4f9f-b543-67307baeee05}</UniqueIdentifier>
    </Filter>
    <Filter Include="Sources\InputManager">
      <UniqueIdentifier>{9583516b-3e08-447f-b18a-7b0f27508088}</UniqueIdentifier>
    </Filter>
    <Filter Include="Headers\InputManager\Inputs">
      <UniqueIdentifier>{b3bcdde2-6906-4cf9-b9ca-d8235b1d07fd}</UniqueIdentifier>
    </Filter>
    <Filter Include="Sources\InputManager\Inputs">
      <UniqueIdentifier>{08e8e864-41e3-4694-80ea-fe1613f525f1}</UniqueIdentifier>
    </Filter>
    <Filter Include="Headers\PhysicsEngine">
      <UniqueIdentifier>{2346282a-afce-44df-9c8d-451bee354bc3}</UniqueIdentifier>
    </Filter>
    <Filter Include="Sources\PhysicsEngine">
      <UniqueIdentifier>{3b3298a0-ee0d-43ce-83cd-f43850bee378}</UniqueIdentifier>
    </Filter>
    <Filter Include="Headers\GraphicsEngine\AnimationManager">
      <UniqueIdentifier>{d1e6a27b-0cdd-4a9b-849d-e6c1cfb0d6e8}</UniqueIdentifier>
    </Filter>
    <Filter Include="Sources\GraphicsEngine\Animation Manager">
      <UniqueIdentifier>{64370144-5e2d-40e6-b2ae-2a30181c2c33}</UniqueIdentifier>
    </Filter>
    <Filter Include="Headers\ResourceManager\Languages">
      <UniqueIdentifier>{4bb412d0-86da-42bb-855c-3b908ed85d0d}</UniqueIdentifier>
    </Filter>
    <Filter Include="Sources\ResourceManager\Languages">
      <UniqueIdentifier>{8d7e48c3-a751-44df-a695-d7c69c38cdc1}</UniqueIdentifier>
    </Filter>
  </ItemGroup>
  <ItemGroup>
    <Text Include="ReadMe.txt" />
  </ItemGroup>
  <ItemGroup>
    <ClInclude Include="stdafx.h">
      <Filter>Headers</Filter>
    </ClInclude>
    <ClInclude Include="targetver.h">
      <Filter>Headers</Filter>
    </ClInclude>
    <ClInclude Include="Resource.h">
      <Filter>Headers\ResourceManager\Resources</Filter>
    </ClInclude>
    <ClInclude Include="AnimationResource.h">
      <Filter>Headers\ResourceManager\Resources</Filter>
    </ClInclude>
    <ClInclude Include="AnimationManipulator.h">
      <Filter>Headers\Manipulators</Filter>
    </ClInclude>
    <ClInclude Include="GraphicsEngine.h">
      <Filter>Headers\GraphicsEngine</Filter>
    </ClInclude>
    <ClInclude Include="SceneManager.h">
      <Filter>Headers\SceneManager</Filter>
    </ClInclude>
    <ClInclude Include="ObjectsManager.h">
      <Filter>Headers\ObjectsManager</Filter>
    </ClInclude>
    <ClInclude Include="Object.h">
      <Filter>Headers\ObjectsManager</Filter>
    </ClInclude>
    <ClInclude Include="ObjectManipulator.h">
      <Filter>Headers\Manipulators</Filter>
    </ClInclude>
    <ClInclude Include="Component.h">
      <Filter>Headers\Components</Filter>
    </ClInclude>
    <ClInclude Include="ComponentManipulator.h">
      <Filter>Headers\Manipulators</Filter>
    </ClInclude>
    <ClInclude Include="GraphicsComponent.h">
      <Filter>Headers\Components</Filter>
    </ClInclude>
    <ClInclude Include="Scene.h">
      <Filter>Headers\SceneManager</Filter>
    </ClInclude>
    <ClInclude Include="ResourceManager.h">
      <Filter>Headers\ResourceManager</Filter>
    </ClInclude>
    <ClInclude Include="Id.h">
      <Filter>Headers\Others</Filter>
    </ClInclude>
    <ClInclude Include="Flag.h">
      <Filter>Headers\Others</Filter>
    </ClInclude>
    <ClInclude Include="Manager.h">
      <Filter>Headers\Others</Filter>
    </ClInclude>
    <ClInclude Include="SceneManipulator.h">
      <Filter>Headers\Manipulators</Filter>
    </ClInclude>
    <ClInclude Include="IdSetter.h">
      <Filter>Headers\Others</Filter>
    </ClInclude>
    <ClInclude Include="Settings.h">
      <Filter>Headers\Others</Filter>
    </ClInclude>
    <ClInclude Include="Vector.h">
      <Filter>Headers\Others</Filter>
    </ClInclude>
    <ClInclude Include="FileSystem.h">
      <Filter>Headers\Others</Filter>
    </ClInclude>
    <ClInclude Include="RenderObject.h">
      <Filter>Headers\GraphicsEngine</Filter>
    </ClInclude>
    <ClInclude Include="ObjectAccessInterface.h">
      <Filter>Headers\ObjectsManager</Filter>
    </ClInclude>
    <ClInclude Include="EngineConfiguration.h">
      <Filter>Headers\Others</Filter>
    </ClInclude>
    <ClInclude Include="CameraComponent.h">
      <Filter>Headers\Components</Filter>
    </ClInclude>
    <ClInclude Include="Logger.h">
      <Filter>Headers\Others</Filter>
    </ClInclude>
    <ClInclude Include="Time.h">
      <Filter>Headers\Others</Filter>
    </ClInclude>
    <ClInclude Include="SettingsManager.h">
      <Filter>Headers</Filter>
    </ClInclude>
    <ClInclude Include="InputManager.h">
      <Filter>Headers\InputManager</Filter>
    </ClInclude>
    <ClInclude Include="Input.h">
      <Filter>Headers\InputManager\Inputs</Filter>
    </ClInclude>
    <ClInclude Include="KeyboardInput.h">
      <Filter>Headers\InputManager\Inputs</Filter>
    </ClInclude>
    <ClInclude Include="Keys.h">
      <Filter>Headers\InputManager</Filter>
    </ClInclude>
    <ClInclude Include="InputManipulator.h">
      <Filter>Headers\InputManager</Filter>
    </ClInclude>
    <ClInclude Include="PhysicsEngine.h">
      <Filter>Headers\PhysicsEngine</Filter>
    </ClInclude>
    <ClInclude Include="BodyDef.h">
      <Filter>Headers\PhysicsEngine</Filter>
    </ClInclude>
    <ClInclude Include="World.h">
      <Filter>Headers\PhysicsEngine</Filter>
    </ClInclude>
    <ClInclude Include="BodyManipulator.h">
      <Filter>Headers\PhysicsEngine</Filter>
    </ClInclude>
    <ClInclude Include="WorldManipulator.h">
      <Filter>Headers\PhysicsEngine</Filter>
    </ClInclude>
    <ClInclude Include="PhysicsComponent.h">
      <Filter>Headers\Components</Filter>
    </ClInclude>
    <ClInclude Include="MoveComponent.h">
      <Filter>Headers\Components</Filter>
    </ClInclude>
    <ClInclude Include="Components.h">
      <Filter>Headers\Components</Filter>
    </ClInclude>
    <ClInclude Include="yen.h">
      <Filter>Headers</Filter>
    </ClInclude>
    <ClInclude Include="Animation.h">
      <Filter>Headers\GraphicsEngine\AnimationManager</Filter>
    </ClInclude>
    <ClInclude Include="AnimationManager.h">
      <Filter>Headers\GraphicsEngine\AnimationManager</Filter>
    </ClInclude>
    <ClInclude Include="Frame.h">
      <Filter>Headers\GraphicsEngine\AnimationManager</Filter>
    </ClInclude>
    <ClInclude Include="Paths.h">
      <Filter>Headers\Others</Filter>
    </ClInclude>
    <ClInclude Include="Language.h">
      <Filter>Headers\ResourceManager\Languages</Filter>
    </ClInclude>
    <ClInclude Include="StringResource.h">
      <Filter>Headers\ResourceManager\Resources</Filter>
    </ClInclude>
    <ClInclude Include="Engine.h">
      <Filter>Headers</Filter>
    </ClInclude>
    <ClInclude Include="AnimationResourceDef.h">
      <Filter>Headers\ResourceManager\Resources</Filter>
    </ClInclude>
    <ClInclude Include="StringManipulator.h">
      <Filter>Headers\Manipulators</Filter>
    </ClInclude>
    <ClInclude Include="LangString.h">
      <Filter>Headers\ResourceManager\Languages</Filter>
    </ClInclude>
  </ItemGroup>
  <ItemGroup>
    <ClCompile Include="stdafx.cpp">
      <Filter>Sources</Filter>
    </ClCompile>
    <ClCompile Include="yen.cpp">
      <Filter>Sources</Filter>
    </ClCompile>
    <ClCompile Include="Engine.cpp">
      <Filter>Sources</Filter>
    </ClCompile>
    <ClCompile Include="AnimationResource.cpp">
      <Filter>Sources\ResourceManager\Resources</Filter>
    </ClCompile>
    <ClCompile Include="SceneManager.cpp">
      <Filter>Sources\SceneManager</Filter>
    </ClCompile>
    <ClCompile Include="ObjectsManager.cpp">
      <Filter>Sources\ObjectsManager</Filter>
    </ClCompile>
    <ClCompile Include="Object.cpp">
      <Filter>Sources\ObjectsManager</Filter>
    </ClCompile>
    <ClCompile Include="GraphicsComponent.cpp">
      <Filter>Sources\Components</Filter>
    </ClCompile>
    <ClCompile Include="GraphicsEngine.cpp">
      <Filter>Sources\GraphicsEngine</Filter>
    </ClCompile>
    <ClCompile Include="Scene.cpp">
      <Filter>Sources\SceneManager</Filter>
    </ClCompile>
    <ClCompile Include="ResourceManager.cpp">
      <Filter>Sources\ResourceManager</Filter>
    </ClCompile>
    <ClCompile Include="Id.cpp">
      <Filter>Sources\Others</Filter>
    </ClCompile>
    <ClCompile Include="Manager.cpp">
      <Filter>Sources\Others</Filter>
    </ClCompile>
    <ClCompile Include="IdSetter.cpp">
      <Filter>Sources\Others</Filter>
    </ClCompile>
    <ClCompile Include="Frame.cpp">
      <Filter>Sources</Filter>
    </ClCompile>
    <ClCompile Include="FileSystem.cpp">
      <Filter>Sources\Others</Filter>
    </ClCompile>
    <ClCompile Include="ObjectAccessInterface.cpp">
      <Filter>Sources\ObjectsManager</Filter>
    </ClCompile>
    <ClCompile Include="CameraComponent.cpp">
      <Filter>Sources\Components</Filter>
    </ClCompile>
    <ClCompile Include="Logger.cpp">
      <Filter>Sources\Others</Filter>
    </ClCompile>
    <ClCompile Include="Time.cpp">
      <Filter>Sources\Others</Filter>
    </ClCompile>
    <ClCompile Include="SettingsManager.cpp">
      <Filter>Sources</Filter>
    </ClCompile>
    <ClCompile Include="InputManager.cpp">
      <Filter>Sources\InputManager</Filter>
    </ClCompile>
    <ClCompile Include="Input.cpp">
      <Filter>Sources\InputManager\Inputs</Filter>
    </ClCompile>
    <ClCompile Include="KeyboardInput.cpp">
      <Filter>Sources\InputManager\Inputs</Filter>
    </ClCompile>
    <ClCompile Include="Keys.cpp">
      <Filter>Sources\InputManager</Filter>
    </ClCompile>
    <ClCompile Include="PhysicsEngine.cpp">
      <Filter>Sources\PhysicsEngine</Filter>
    </ClCompile>
    <ClCompile Include="World.cpp">
      <Filter>Sources\PhysicsEngine</Filter>
    </ClCompile>
    <ClCompile Include="PhysicsComponent.cpp">
      <Filter>Sources\Components</Filter>
    </ClCompile>
    <ClCompile Include="MoveComponent.cpp">
      <Filter>Sources\Components</Filter>
    </ClCompile>
    <ClCompile Include="Animation.cpp">
      <Filter>Sources\GraphicsEngine\Animation Manager</Filter>
    </ClCompile>
    <ClCompile Include="AnimationManager.cpp">
      <Filter>Sources\GraphicsEngine\Animation Manager</Filter>
    </ClCompile>
    <ClCompile Include="Language.cpp">
      <Filter>Sources\ResourceManager\Languages</Filter>
    </ClCompile>
    <ClCompile Include="StringResource.cpp">
      <Filter>Sources\ResourceManager\Resources</Filter>
    </ClCompile>
    <ClCompile Include="LangString.cpp">
      <Filter>Sources\ResourceManager\Languages</Filter>
    </ClCompile>
  </ItemGroup>
</Project>